<?xml version="1.0" encoding="utf-8"?>
<Project ToolsVersion="4.0" xmlns="http://schemas.microsoft.com/developer/msbuild/2003">
  <ItemGroup>
    <ClCompile Include="main.cpp" />
    <ClCompile Include="TestGameScene.cpp" />
    <ClCompile Include="TitleScene.cpp" />
    <ClCompile Include="Actor.cpp" />
    <ClCompile Include="Operation.cpp" />
    <ClCompile Include="GameClearScene.cpp" />
    <ClCompile Include="StageSelectScene.cpp" />
    <ClCompile Include="Stage_1.cpp" />
    <ClCompile Include="GameBaseScene.cpp" />
    <ClCompile Include="GameBaseSceneForTest.cpp" />
    <ClCompile Include="Stage_Test.cpp" />
  </ItemGroup>
  <ItemGroup>
    <ClInclude Include="SceneManager.h" />
    <ClInclude Include="define.h" />
    <ClInclude Include="SceneBase.h" />
    <ClInclude Include="TestGameScene.h" />
    <ClInclude Include="TitleScene.h" />
    <ClInclude Include="Actor.h" />
    <ClInclude Include="Operation.h" />
    <ClInclude Include="GameClearScene.h" />
    <ClInclude Include="StageSelectScene.h" />
    <ClInclude Include="Stage_1.h" />
    <ClInclude Include="GameBaseScene.h" />
    <ClInclude Include="GameBaseSceneForTest.h" />
    <ClInclude Include="Stage_Test.h" />
  </ItemGroup>
</Project>